<?xml version="1.0" encoding="utf-8"?>
<Project ToolsVersion="4.0" xmlns="http://schemas.microsoft.com/developer/msbuild/2003">
  <ItemGroup>
    <Filter Include="Source Files">
      <UniqueIdentifier>{4FC737F1-C7A5-4376-A066-2A32D752A2FF}</UniqueIdentifier>
      <Extensions>cpp;c;cc;cxx;def;odl;idl;hpj;bat;asm;asmx</Extensions>
    </Filter>
    <Filter Include="Header Files">
      <UniqueIdentifier>{93995380-89BD-4b04-88EB-625FBE52EBFB}</UniqueIdentifier>
      <Extensions>h;hh;hpp;hxx;hm;inl;inc;xsd</Extensions>
    </Filter>
    <Filter Include="Resource Files">
      <UniqueIdentifier>{67DA6AB6-F800-4c08-8B7A-83BB121AAD01}</UniqueIdentifier>
      <Extensions>rc;ico;cur;bmp;dlg;rc2;rct;bin;rgs;gif;jpg;jpeg;jpe;resx;tiff;tif;png;wav;mfcribbon-ms</Extensions>
    </Filter>
  </ItemGroup>
  <ItemGroup>
    <ClCompile Include="MyForm.cpp">
      <Filter>Source Files</Filter>
    </ClCompile>
    <ClCompile Include="admin.cpp">
      <Filter>Resource Files</Filter>
    </ClCompile>
    <ClCompile Include="book.cpp">
      <Filter>Resource Files</Filter>
    </ClCompile>
    <ClCompile Include="clerk.cpp">
      <Filter>Resource Files</Filter>
    </ClCompile>
    <ClCompile Include="dvd.cpp">
      <Filter>Resource Files</Filter>
    </ClCompile>
    <ClCompile Include="item.cpp">
      <Filter>Resource Files</Filter>
    </ClCompile>
    <ClCompile Include="lms.cpp">
      <Filter>Resource Files</Filter>
    </ClCompile>
    <ClCompile Include="loan.cpp">
      <Filter>Resource Files</Filter>
    </ClCompile>
    <ClCompile Include="slms.cpp">
      <Filter>Resource Files</Filter>
    </ClCompile>
    <ClCompile Include="student.cpp">
      <Filter>Resource Files</Filter>
    </ClCompile>
    <ClCompile Include="user.cpp">
      <Filter>Resource Files</Filter>
    </ClCompile>
    <ClCompile Include="computation.cpp">
      <Filter>Source Files</Filter>
    </ClCompile>
    <ClCompile Include="hold.cpp">
      <Filter>Source Files</Filter>
    </ClCompile>
    <ClCompile Include="state.cpp">
      <Filter>Source Files</Filter>
    </ClCompile>
    <ClCompile Include="issued.cpp">
      <Filter>Source Files</Filter>
    </ClCompile>
    <ClCompile Include="referenced.cpp">
      <Filter>Source Files</Filter>
    </ClCompile>
    <ClCompile Include="available.cpp">
      <Filter>Source Files</Filter>
    </ClCompile>
    <ClCompile Include="ithold.cpp">
      <Filter>Source Files</Filter>
    </ClCompile>
    <ClCompile Include="sa.cpp">
      <Filter>Source Files</Filter>
    </ClCompile>
    <ClCompile Include="si.cpp">
      <Filter>Source Files</Filter>
    </ClCompile>
    <ClCompile Include="sr.cpp">
      <Filter>Source Files</Filter>
    </ClCompile>
    <ClCompile Include="sh.cpp">
      <Filter>Source Files</Filter>
    </ClCompile>
  </ItemGroup>
  <ItemGroup>
    <ClInclude Include="MyForm.h">
      <Filter>Header Files</Filter>
    </ClInclude>
    <ClInclude Include="admin.h">
      <Filter>Header Files</Filter>
    </ClInclude>
    <ClInclude Include="book.h">
      <Filter>Header Files</Filter>
    </ClInclude>
    <ClInclude Include="clerk.h">
      <Filter>Header Files</Filter>
    </ClInclude>
    <ClInclude Include="dvd.h">
      <Filter>Header Files</Filter>
    </ClInclude>
    <ClInclude Include="item.h">
      <Filter>Header Files</Filter>
    </ClInclude>
    <ClInclude Include="lms.h">
      <Filter>Header Files</Filter>
    </ClInclude>
    <ClInclude Include="loan.h">
      <Filter>Header Files</Filter>
    </ClInclude>
    <ClInclude Include="slms.h">
      <Filter>Header Files</Filter>
    </ClInclude>
    <ClInclude Include="student.h">
      <Filter>Header Files</Filter>
    </ClInclude>
    <ClInclude Include="user.h">
      <Filter>Header Files</Filter>
    </ClInclude>
    <ClInclude Include="computation.h">
      <Filter>Header Files</Filter>
    </ClInclude>
    <ClInclude Include="hold.h">
      <Filter>Header Files</Filter>
    </ClInclude>
    <ClInclude Include="state.h">
      <Filter>Header Files</Filter>
    </ClInclude>
    <ClInclude Include="issued.h">
      <Filter>Header Files</Filter>
    </ClInclude>
    <ClInclude Include="referenced.h">
      <Filter>Header Files</Filter>
    </ClInclude>
    <ClInclude Include="available.h">
      <Filter>Header Files</Filter>
    </ClInclude>
    <ClInclude Include="ithold.h">
      <Filter>Header Files</Filter>
    </ClInclude>
    <ClInclude Include="sa.h">
      <Filter>Header Files</Filter>
    </ClInclude>
    <ClInclude Include="si.h">
      <Filter>Header Files</Filter>
    </ClInclude>
    <ClInclude Include="sr.h">
      <Filter>Header Files</Filter>
    </ClInclude>
    <ClInclude Include="sh.h">
      <Filter>Header Files</Filter>
    </ClInclude>
  </ItemGroup>
  <ItemGroup>
    <EmbeddedResource Include="MyForm.resx">
      <Filter>Resource Files</Filter>
    </EmbeddedResource>
  </ItemGroup>
</Project>